
Microsoft Visual Studio Solution File, Format Version 12.00
# Visual Studio Version 16
VisualStudioVersion = 16.0.32602.291
MinimumVisualStudioVersion = 10.0.40219.1
Project("{FAE04EC0-301F-11D3-BF4B-00C04F79EFBC}") = "ICTPR430-ConsoleApp", "ICTPR430-ConsoleApp.csproj", "{CBD748F8-F51D-4A45-992B-82E8DC58E34C}"
EndProject
Global
	GlobalSection(SolutionConfigurationPlatforms) = preSolution
		Debug|Any CPU = Debug|Any CPU
		Release|Any CPU = Release|Any CPU
	EndGlobalSection
	GlobalSection(ProjectConfigurationPlatforms) = postSolution
		{CBD748F8-F51D-4A45-992B-82E8DC58E34C}.Debug|Any CPU.ActiveCfg = Debug|Any CPU
		{CBD748F8-F51D-4A45-992B-82E8DC58E34C}.Debug|Any CPU.Build.0 = Debug|Any CPU
		{CBD748F8-F51D-4A45-992B-82E8DC58E34C}.Release|Any CPU.ActiveCfg = Release|Any CPU
		{CBD748F8-F51D-4A45-992B-82E8DC58E34C}.Release|Any CPU.Build.0 = Release|Any CPU
	EndGlobalSection
	GlobalSection(SolutionProperties) = preSolution
		HideSolutionNode = FALSE
	EndGlobalSection
	GlobalSection(ExtensibilityGlobals) = postSolution
		SolutionGuid = {CABC8292-A145-4FE7-B94C-D6DE4B11CE89}
	EndGlobalSection
EndGlobal
